// !$*UTF8*$!
{
	archiveVersion = 1;
	classes = {
	};
	objectVersion = 46;
	objects = {

/* Begin PBXBuildFile section */
		221E1B321E7A1B8000B41629 /* main.m in Sources */ = {isa = PBXBuildFile; fileRef = 221E1B311E7A1B8000B41629 /* main.m */; };
		221E1B351E7A1B8000B41629 /* AppDelegate.m in Sources */ = {isa = PBXBuildFile; fileRef = 221E1B341E7A1B8000B41629 /* AppDelegate.m */; };
		221E1B381E7A1B8000B41629 /* ViewController.m in Sources */ = {isa = PBXBuildFile; fileRef = 221E1B371E7A1B8000B41629 /* ViewController.m */; };
		221E1B3B1E7A1B8000B41629 /* Main.storyboard in Resources */ = {isa = PBXBuildFile; fileRef = 221E1B391E7A1B8000B41629 /* Main.storyboard */; };
		221E1B3D1E7A1B8000B41629 /* Assets.xcassets in Resources */ = {isa = PBXBuildFile; fileRef = 221E1B3C1E7A1B8000B41629 /* Assets.xcassets */; };
		221E1B401E7A1B8000B41629 /* LaunchScreen.storyboard in Resources */ = {isa = PBXBuildFile; fileRef = 221E1B3E1E7A1B8000B41629 /* LaunchScreen.storyboard */; };
		221E1B4B1E7A1B8100B41629 /* JLExtensionTests.m in Sources */ = {isa = PBXBuildFile; fileRef = 221E1B4A1E7A1B8100B41629 /* JLExtensionTests.m */; };
		221E1B561E7A1B8100B41629 /* JLExtensionUITests.m in Sources */ = {isa = PBXBuildFile; fileRef = 221E1B551E7A1B8100B41629 /* JLExtensionUITests.m */; };
		221E1B731E7A3BC100B41629 /* CBPeripheral+Extension.m in Sources */ = {isa = PBXBuildFile; fileRef = 221E1B651E7A3BC100B41629 /* CBPeripheral+Extension.m */; };
		221E1B741E7A3BC100B41629 /* NSArray+Extension.m in Sources */ = {isa = PBXBuildFile; fileRef = 221E1B681E7A3BC100B41629 /* NSArray+Extension.m */; };
		221E1B751E7A3BC100B41629 /* NSData+Extension.m in Sources */ = {isa = PBXBuildFile; fileRef = 221E1B6A1E7A3BC100B41629 /* NSData+Extension.m */; };
		221E1B761E7A3BC100B41629 /* NSDictionary+Extension.m in Sources */ = {isa = PBXBuildFile; fileRef = 221E1B6C1E7A3BC100B41629 /* NSDictionary+Extension.m */; };
		221E1B771E7A3BC100B41629 /* UIColor+Extension.m in Sources */ = {isa = PBXBuildFile; fileRef = 221E1B6E1E7A3BC100B41629 /* UIColor+Extension.m */; };
		221E1B781E7A3BC100B41629 /* UILabel+Extension.m in Sources */ = {isa = PBXBuildFile; fileRef = 221E1B701E7A3BC100B41629 /* UILabel+Extension.m */; };
		221E1B791E7A3BC100B41629 /* UIView+Extension.m in Sources */ = {isa = PBXBuildFile; fileRef = 221E1B721E7A3BC100B41629 /* UIView+Extension.m */; };
		221E1BC81E7B8C3A00B41629 /* UIImage+Extension.m in Sources */ = {isa = PBXBuildFile; fileRef = 221E1BC71E7B8C3A00B41629 /* UIImage+Extension.m */; };
		222277981E9B7F8E00951C36 /* JLDeviceInfo.m in Sources */ = {isa = PBXBuildFile; fileRef = 222277971E9B7F8E00951C36 /* JLDeviceInfo.m */; };
		222E3EEC1EA5C12100F92812 /* NSTimer+Extension.m in Sources */ = {isa = PBXBuildFile; fileRef = 222E3EEB1EA5C12100F92812 /* NSTimer+Extension.m */; };
		222E3EEF1EA5EC3900F92812 /* UITextField+Extension.m in Sources */ = {isa = PBXBuildFile; fileRef = 222E3EEE1EA5EC3900F92812 /* UITextField+Extension.m */; };
		224ACE901EE2871600A01755 /* NSDate+Extension.m in Sources */ = {isa = PBXBuildFile; fileRef = 224ACE8F1EE2871600A01755 /* NSDate+Extension.m */; };
		22780EE11E8E490D00741236 /* NSString+Extension.m in Sources */ = {isa = PBXBuildFile; fileRef = 22780EE01E8E490D00741236 /* NSString+Extension.m */; };
		22AC0B6A1FEB60AB00D0C778 /* public_key.der in Resources */ = {isa = PBXBuildFile; fileRef = 22AC0B681FEB60AB00D0C778 /* public_key.der */; };
		22AC0B6B1FEB60AB00D0C778 /* private_key.p12 in Resources */ = {isa = PBXBuildFile; fileRef = 22AC0B691FEB60AB00D0C778 /* private_key.p12 */; };
		3378FBC3A8B6D5D074CB74FC /* Pods_JLExtension.framework in Frameworks */ = {isa = PBXBuildFile; fileRef = DB6430C9787BB4DF0B23274D /* Pods_JLExtension.framework */; };
/* End PBXBuildFile section */

/* Begin PBXContainerItemProxy section */
		221E1B471E7A1B8100B41629 /* PBXContainerItemProxy */ = {
			isa = PBXContainerItemProxy;
			containerPortal = 221E1B251E7A1B8000B41629 /* Project object */;
			proxyType = 1;
			remoteGlobalIDString = 221E1B2C1E7A1B8000B41629;
			remoteInfo = JLExtension;
		};
		221E1B521E7A1B8100B41629 /* PBXContainerItemProxy */ = {
			isa = PBXContainerItemProxy;
			containerPortal = 221E1B251E7A1B8000B41629 /* Project object */;
			proxyType = 1;
			remoteGlobalIDString = 221E1B2C1E7A1B8000B41629;
			remoteInfo = JLExtension;
		};
/* End PBXContainerItemProxy section */

/* Begin PBXFileReference section */
		221E1B2D1E7A1B8000B41629 /* JLExtension.app */ = {isa = PBXFileReference; explicitFileType = wrapper.application; includeInIndex = 0; path = JLExtension.app; sourceTree = BUILT_PRODUCTS_DIR; };
		221E1B311E7A1B8000B41629 /* main.m */ = {isa = PBXFileReference; lastKnownFileType = sourcecode.c.objc; path = main.m; sourceTree = "<group>"; };
		221E1B331E7A1B8000B41629 /* AppDelegate.h */ = {isa = PBXFileReference; lastKnownFileType = sourcecode.c.h; path = AppDelegate.h; sourceTree = "<group>"; };
		221E1B341E7A1B8000B41629 /* AppDelegate.m */ = {isa = PBXFileReference; lastKnownFileType = sourcecode.c.objc; path = AppDelegate.m; sourceTree = "<group>"; };
		221E1B361E7A1B8000B41629 /* ViewController.h */ = {isa = PBXFileReference; lastKnownFileType = sourcecode.c.h; path = ViewController.h; sourceTree = "<group>"; };
		221E1B371E7A1B8000B41629 /* ViewController.m */ = {isa = PBXFileReference; lastKnownFileType = sourcecode.c.objc; path = ViewController.m; sourceTree = "<group>"; };
		221E1B3A1E7A1B8000B41629 /* Base */ = {isa = PBXFileReference; lastKnownFileType = file.storyboard; name = Base; path = Base.lproj/Main.storyboard; sourceTree = "<group>"; };
		221E1B3C1E7A1B8000B41629 /* Assets.xcassets */ = {isa = PBXFileReference; lastKnownFileType = folder.assetcatalog; path = Assets.xcassets; sourceTree = "<group>"; };
		221E1B3F1E7A1B8000B41629 /* Base */ = {isa = PBXFileReference; lastKnownFileType = file.storyboard; name = Base; path = Base.lproj/LaunchScreen.storyboard; sourceTree = "<group>"; };
		221E1B411E7A1B8000B41629 /* Info.plist */ = {isa = PBXFileReference; lastKnownFileType = text.plist.xml; path = Info.plist; sourceTree = "<group>"; };
		221E1B461E7A1B8100B41629 /* JLExtensionTests.xctest */ = {isa = PBXFileReference; explicitFileType = wrapper.cfbundle; includeInIndex = 0; path = JLExtensionTests.xctest; sourceTree = BUILT_PRODUCTS_DIR; };
		221E1B4A1E7A1B8100B41629 /* JLExtensionTests.m */ = {isa = PBXFileReference; lastKnownFileType = sourcecode.c.objc; path = JLExtensionTests.m; sourceTree = "<group>"; };
		221E1B4C1E7A1B8100B41629 /* Info.plist */ = {isa = PBXFileReference; lastKnownFileType = text.plist.xml; path = Info.plist; sourceTree = "<group>"; };
		221E1B511E7A1B8100B41629 /* JLExtensionUITests.xctest */ = {isa = PBXFileReference; explicitFileType = wrapper.cfbundle; includeInIndex = 0; path = JLExtensionUITests.xctest; sourceTree = BUILT_PRODUCTS_DIR; };
		221E1B551E7A1B8100B41629 /* JLExtensionUITests.m */ = {isa = PBXFileReference; lastKnownFileType = sourcecode.c.objc; path = JLExtensionUITests.m; sourceTree = "<group>"; };
		221E1B571E7A1B8100B41629 /* Info.plist */ = {isa = PBXFileReference; lastKnownFileType = text.plist.xml; path = Info.plist; sourceTree = "<group>"; };
		221E1B641E7A3BC100B41629 /* CBPeripheral+Extension.h */ = {isa = PBXFileReference; fileEncoding = 4; lastKnownFileType = sourcecode.c.h; path = "CBPeripheral+Extension.h"; sourceTree = "<group>"; };
		221E1B651E7A3BC100B41629 /* CBPeripheral+Extension.m */ = {isa = PBXFileReference; fileEncoding = 4; lastKnownFileType = sourcecode.c.objc; path = "CBPeripheral+Extension.m"; sourceTree = "<group>"; };
		221E1B661E7A3BC100B41629 /* JLExtension.h */ = {isa = PBXFileReference; fileEncoding = 4; lastKnownFileType = sourcecode.c.h; path = JLExtension.h; sourceTree = "<group>"; };
		221E1B671E7A3BC100B41629 /* NSArray+Extension.h */ = {isa = PBXFileReference; fileEncoding = 4; lastKnownFileType = sourcecode.c.h; path = "NSArray+Extension.h"; sourceTree = "<group>"; };
		221E1B681E7A3BC100B41629 /* NSArray+Extension.m */ = {isa = PBXFileReference; fileEncoding = 4; lastKnownFileType = sourcecode.c.objc; path = "NSArray+Extension.m"; sourceTree = "<group>"; };
		221E1B691E7A3BC100B41629 /* NSData+Extension.h */ = {isa = PBXFileReference; fileEncoding = 4; lastKnownFileType = sourcecode.c.h; path = "NSData+Extension.h"; sourceTree = "<group>"; };
		221E1B6A1E7A3BC100B41629 /* NSData+Extension.m */ = {isa = PBXFileReference; fileEncoding = 4; lastKnownFileType = sourcecode.c.objc; path = "NSData+Extension.m"; sourceTree = "<group>"; };
		221E1B6B1E7A3BC100B41629 /* NSDictionary+Extension.h */ = {isa = PBXFileReference; fileEncoding = 4; lastKnownFileType = sourcecode.c.h; path = "NSDictionary+Extension.h"; sourceTree = "<group>"; };
		221E1B6C1E7A3BC100B41629 /* NSDictionary+Extension.m */ = {isa = PBXFileReference; fileEncoding = 4; lastKnownFileType = sourcecode.c.objc; path = "NSDictionary+Extension.m"; sourceTree = "<group>"; };
		221E1B6D1E7A3BC100B41629 /* UIColor+Extension.h */ = {isa = PBXFileReference; fileEncoding = 4; lastKnownFileType = sourcecode.c.h; path = "UIColor+Extension.h"; sourceTree = "<group>"; };
		221E1B6E1E7A3BC100B41629 /* UIColor+Extension.m */ = {isa = PBXFileReference; fileEncoding = 4; lastKnownFileType = sourcecode.c.objc; path = "UIColor+Extension.m"; sourceTree = "<group>"; };
		221E1B6F1E7A3BC100B41629 /* UILabel+Extension.h */ = {isa = PBXFileReference; fileEncoding = 4; lastKnownFileType = sourcecode.c.h; path = "UILabel+Extension.h"; sourceTree = "<group>"; };
		221E1B701E7A3BC100B41629 /* UILabel+Extension.m */ = {isa = PBXFileReference; fileEncoding = 4; lastKnownFileType = sourcecode.c.objc; path = "UILabel+Extension.m"; sourceTree = "<group>"; };
		221E1B711E7A3BC100B41629 /* UIView+Extension.h */ = {isa = PBXFileReference; fileEncoding = 4; lastKnownFileType = sourcecode.c.h; path = "UIView+Extension.h"; sourceTree = "<group>"; };
		221E1B721E7A3BC100B41629 /* UIView+Extension.m */ = {isa = PBXFileReference; fileEncoding = 4; lastKnownFileType = sourcecode.c.objc; path = "UIView+Extension.m"; sourceTree = "<group>"; };
		221E1BC61E7B8C3A00B41629 /* UIImage+Extension.h */ = {isa = PBXFileReference; fileEncoding = 4; lastKnownFileType = sourcecode.c.h; path = "UIImage+Extension.h"; sourceTree = "<group>"; };
		221E1BC71E7B8C3A00B41629 /* UIImage+Extension.m */ = {isa = PBXFileReference; fileEncoding = 4; lastKnownFileType = sourcecode.c.objc; path = "UIImage+Extension.m"; sourceTree = "<group>"; };
		222277961E9B7F8E00951C36 /* JLDeviceInfo.h */ = {isa = PBXFileReference; fileEncoding = 4; lastKnownFileType = sourcecode.c.h; path = JLDeviceInfo.h; sourceTree = "<group>"; };
		222277971E9B7F8E00951C36 /* JLDeviceInfo.m */ = {isa = PBXFileReference; fileEncoding = 4; lastKnownFileType = sourcecode.c.objc; path = JLDeviceInfo.m; sourceTree = "<group>"; };
		222E3EEA1EA5C12100F92812 /* NSTimer+Extension.h */ = {isa = PBXFileReference; fileEncoding = 4; lastKnownFileType = sourcecode.c.h; path = "NSTimer+Extension.h"; sourceTree = "<group>"; };
		222E3EEB1EA5C12100F92812 /* NSTimer+Extension.m */ = {isa = PBXFileReference; fileEncoding = 4; lastKnownFileType = sourcecode.c.objc; path = "NSTimer+Extension.m"; sourceTree = "<group>"; };
		222E3EED1EA5EC3900F92812 /* UITextField+Extension.h */ = {isa = PBXFileReference; fileEncoding = 4; lastKnownFileType = sourcecode.c.h; path = "UITextField+Extension.h"; sourceTree = "<group>"; };
		222E3EEE1EA5EC3900F92812 /* UITextField+Extension.m */ = {isa = PBXFileReference; fileEncoding = 4; lastKnownFileType = sourcecode.c.objc; path = "UITextField+Extension.m"; sourceTree = "<group>"; };
		224ACE8E1EE2871600A01755 /* NSDate+Extension.h */ = {isa = PBXFileReference; fileEncoding = 4; lastKnownFileType = sourcecode.c.h; path = "NSDate+Extension.h"; sourceTree = "<group>"; };
		224ACE8F1EE2871600A01755 /* NSDate+Extension.m */ = {isa = PBXFileReference; fileEncoding = 4; lastKnownFileType = sourcecode.c.objc; path = "NSDate+Extension.m"; sourceTree = "<group>"; };
		22780EDF1E8E490D00741236 /* NSString+Extension.h */ = {isa = PBXFileReference; fileEncoding = 4; lastKnownFileType = sourcecode.c.h; path = "NSString+Extension.h"; sourceTree = "<group>"; };
		22780EE01E8E490D00741236 /* NSString+Extension.m */ = {isa = PBXFileReference; fileEncoding = 4; lastKnownFileType = sourcecode.c.objc; path = "NSString+Extension.m"; sourceTree = "<group>"; };
		22AC0B681FEB60AB00D0C778 /* public_key.der */ = {isa = PBXFileReference; lastKnownFileType = file; path = public_key.der; sourceTree = "<group>"; };
		22AC0B691FEB60AB00D0C778 /* private_key.p12 */ = {isa = PBXFileReference; lastKnownFileType = file; path = private_key.p12; sourceTree = "<group>"; };
		BDAD23C80169BB1DF681A1E9 /* Pods-JLExtension.debug.xcconfig */ = {isa = PBXFileReference; includeInIndex = 1; lastKnownFileType = text.xcconfig; name = "Pods-JLExtension.debug.xcconfig"; path = "Pods/Target Support Files/Pods-JLExtension/Pods-JLExtension.debug.xcconfig"; sourceTree = "<group>"; };
		C3F293EED29AFC8202C18F5F /* Pods-JLExtension.release.xcconfig */ = {isa = PBXFileReference; includeInIndex = 1; lastKnownFileType = text.xcconfig; name = "Pods-JLExtension.release.xcconfig"; path = "Pods/Target Support Files/Pods-JLExtension/Pods-JLExtension.release.xcconfig"; sourceTree = "<group>"; };
		DB6430C9787BB4DF0B23274D /* Pods_JLExtension.framework */ = {isa = PBXFileReference; explicitFileType = wrapper.framework; includeInIndex = 0; path = Pods_JLExtension.framework; sourceTree = BUILT_PRODUCTS_DIR; };
/* End PBXFileReference section */

/* Begin PBXFrameworksBuildPhase section */
		221E1B2A1E7A1B8000B41629 /* Frameworks */ = {
			isa = PBXFrameworksBuildPhase;
			buildActionMask = 2147483647;
			files = (
				3378FBC3A8B6D5D074CB74FC /* Pods_JLExtension.framework in Frameworks */,
			);
			runOnlyForDeploymentPostprocessing = 0;
		};
		221E1B431E7A1B8100B41629 /* Frameworks */ = {
			isa = PBXFrameworksBuildPhase;
			buildActionMask = 2147483647;
			files = (
			);
			runOnlyForDeploymentPostprocessing = 0;
		};
		221E1B4E1E7A1B8100B41629 /* Frameworks */ = {
			isa = PBXFrameworksBuildPhase;
			buildActionMask = 2147483647;
			files = (
			);
			runOnlyForDeploymentPostprocessing = 0;
		};
/* End PBXFrameworksBuildPhase section */

/* Begin PBXGroup section */
		221E1B241E7A1B8000B41629 = {
			isa = PBXGroup;
			children = (
				221E1B2F1E7A1B8000B41629 /* JLExtension */,
				221E1B491E7A1B8100B41629 /* JLExtensionTests */,
				221E1B541E7A1B8100B41629 /* JLExtensionUITests */,
				221E1B2E1E7A1B8000B41629 /* Products */,
				752551F0AE118EBEA6DC1F3A /* Pods */,
				BFCF698A1E67FC59F47B3F65 /* Frameworks */,
			);
			sourceTree = "<group>";
		};
		221E1B2E1E7A1B8000B41629 /* Products */ = {
			isa = PBXGroup;
			children = (
				221E1B2D1E7A1B8000B41629 /* JLExtension.app */,
				221E1B461E7A1B8100B41629 /* JLExtensionTests.xctest */,
				221E1B511E7A1B8100B41629 /* JLExtensionUITests.xctest */,
			);
			name = Products;
			sourceTree = "<group>";
		};
		221E1B2F1E7A1B8000B41629 /* JLExtension */ = {
			isa = PBXGroup;
			children = (
				22AC0B671FEB60AB00D0C778 /* Secret key */,
				221E1B631E7A3BC100B41629 /* Source */,
				221E1B331E7A1B8000B41629 /* AppDelegate.h */,
				221E1B341E7A1B8000B41629 /* AppDelegate.m */,
				221E1B361E7A1B8000B41629 /* ViewController.h */,
				221E1B371E7A1B8000B41629 /* ViewController.m */,
				221E1B391E7A1B8000B41629 /* Main.storyboard */,
				221E1B3C1E7A1B8000B41629 /* Assets.xcassets */,
				221E1B3E1E7A1B8000B41629 /* LaunchScreen.storyboard */,
				221E1B411E7A1B8000B41629 /* Info.plist */,
				221E1B301E7A1B8000B41629 /* Supporting Files */,
			);
			path = JLExtension;
			sourceTree = "<group>";
		};
		221E1B301E7A1B8000B41629 /* Supporting Files */ = {
			isa = PBXGroup;
			children = (
				221E1B311E7A1B8000B41629 /* main.m */,
			);
			name = "Supporting Files";
			sourceTree = "<group>";
		};
		221E1B491E7A1B8100B41629 /* JLExtensionTests */ = {
			isa = PBXGroup;
			children = (
				221E1B4A1E7A1B8100B41629 /* JLExtensionTests.m */,
				221E1B4C1E7A1B8100B41629 /* Info.plist */,
			);
			path = JLExtensionTests;
			sourceTree = "<group>";
		};
		221E1B541E7A1B8100B41629 /* JLExtensionUITests */ = {
			isa = PBXGroup;
			children = (
				221E1B551E7A1B8100B41629 /* JLExtensionUITests.m */,
				221E1B571E7A1B8100B41629 /* Info.plist */,
			);
			path = JLExtensionUITests;
			sourceTree = "<group>";
		};
		221E1B631E7A3BC100B41629 /* Source */ = {
			isa = PBXGroup;
			children = (
				221E1B661E7A3BC100B41629 /* JLExtension.h */,
				221E1B641E7A3BC100B41629 /* CBPeripheral+Extension.h */,
				221E1B651E7A3BC100B41629 /* CBPeripheral+Extension.m */,
				221E1B671E7A3BC100B41629 /* NSArray+Extension.h */,
				221E1B681E7A3BC100B41629 /* NSArray+Extension.m */,
				221E1B691E7A3BC100B41629 /* NSData+Extension.h */,
				221E1B6A1E7A3BC100B41629 /* NSData+Extension.m */,
				221E1B6B1E7A3BC100B41629 /* NSDictionary+Extension.h */,
				221E1B6C1E7A3BC100B41629 /* NSDictionary+Extension.m */,
				221E1B6D1E7A3BC100B41629 /* UIColor+Extension.h */,
				221E1B6E1E7A3BC100B41629 /* UIColor+Extension.m */,
				221E1B6F1E7A3BC100B41629 /* UILabel+Extension.h */,
				221E1B701E7A3BC100B41629 /* UILabel+Extension.m */,
				221E1B711E7A3BC100B41629 /* UIView+Extension.h */,
				221E1B721E7A3BC100B41629 /* UIView+Extension.m */,
				221E1BC61E7B8C3A00B41629 /* UIImage+Extension.h */,
				221E1BC71E7B8C3A00B41629 /* UIImage+Extension.m */,
				22780EDF1E8E490D00741236 /* NSString+Extension.h */,
				22780EE01E8E490D00741236 /* NSString+Extension.m */,
				222E3EEA1EA5C12100F92812 /* NSTimer+Extension.h */,
				222E3EEB1EA5C12100F92812 /* NSTimer+Extension.m */,
				222E3EED1EA5EC3900F92812 /* UITextField+Extension.h */,
				222E3EEE1EA5EC3900F92812 /* UITextField+Extension.m */,
				222277961E9B7F8E00951C36 /* JLDeviceInfo.h */,
				222277971E9B7F8E00951C36 /* JLDeviceInfo.m */,
				224ACE8E1EE2871600A01755 /* NSDate+Extension.h */,
				224ACE8F1EE2871600A01755 /* NSDate+Extension.m */,
			);
			path = Source;
			sourceTree = "<group>";
		};
		22AC0B671FEB60AB00D0C778 /* Secret key */ = {
			isa = PBXGroup;
			children = (
				22AC0B681FEB60AB00D0C778 /* public_key.der */,
				22AC0B691FEB60AB00D0C778 /* private_key.p12 */,
			);
			path = "Secret key";
			sourceTree = "<group>";
		};
		752551F0AE118EBEA6DC1F3A /* Pods */ = {
			isa = PBXGroup;
			children = (
				BDAD23C80169BB1DF681A1E9 /* Pods-JLExtension.debug.xcconfig */,
				C3F293EED29AFC8202C18F5F /* Pods-JLExtension.release.xcconfig */,
			);
			name = Pods;
			sourceTree = "<group>";
		};
		BFCF698A1E67FC59F47B3F65 /* Frameworks */ = {
			isa = PBXGroup;
			children = (
				DB6430C9787BB4DF0B23274D /* Pods_JLExtension.framework */,
			);
			name = Frameworks;
			sourceTree = "<group>";
		};
/* End PBXGroup section */

/* Begin PBXNativeTarget section */
		221E1B2C1E7A1B8000B41629 /* JLExtension */ = {
			isa = PBXNativeTarget;
			buildConfigurationList = 221E1B5A1E7A1B8100B41629 /* Build configuration list for PBXNativeTarget "JLExtension" */;
			buildPhases = (
				A0957F9CB91106822FC5E016 /* [CP] Check Pods Manifest.lock */,
				221E1B291E7A1B8000B41629 /* Sources */,
				221E1B2A1E7A1B8000B41629 /* Frameworks */,
				221E1B2B1E7A1B8000B41629 /* Resources */,
				89847746B18F778362A3446A /* [CP] Embed Pods Frameworks */,
				B1B1D0998BAED8C042DC2F96 /* [CP] Copy Pods Resources */,
			);
			buildRules = (
			);
			dependencies = (
			);
			name = JLExtension;
			productName = JLExtension;
			productReference = 221E1B2D1E7A1B8000B41629 /* JLExtension.app */;
			productType = "com.apple.product-type.application";
		};
		221E1B451E7A1B8100B41629 /* JLExtensionTests */ = {
			isa = PBXNativeTarget;
			buildConfigurationList = 221E1B5D1E7A1B8100B41629 /* Build configuration list for PBXNativeTarget "JLExtensionTests" */;
			buildPhases = (
				221E1B421E7A1B8100B41629 /* Sources */,
				221E1B431E7A1B8100B41629 /* Frameworks */,
				221E1B441E7A1B8100B41629 /* Resources */,
			);
			buildRules = (
			);
			dependencies = (
				221E1B481E7A1B8100B41629 /* PBXTargetDependency */,
			);
			name = JLExtensionTests;
			productName = JLExtensionTests;
			productReference = 221E1B461E7A1B8100B41629 /* JLExtensionTests.xctest */;
			productType = "com.apple.product-type.bundle.unit-test";
		};
		221E1B501E7A1B8100B41629 /* JLExtensionUITests */ = {
			isa = PBXNativeTarget;
			buildConfigurationList = 221E1B601E7A1B8100B41629 /* Build configuration list for PBXNativeTarget "JLExtensionUITests" */;
			buildPhases = (
				221E1B4D1E7A1B8100B41629 /* Sources */,
				221E1B4E1E7A1B8100B41629 /* Frameworks */,
				221E1B4F1E7A1B8100B41629 /* Resources */,
			);
			buildRules = (
			);
			dependencies = (
				221E1B531E7A1B8100B41629 /* PBXTargetDependency */,
			);
			name = JLExtensionUITests;
			productName = JLExtensionUITests;
			productReference = 221E1B511E7A1B8100B41629 /* JLExtensionUITests.xctest */;
			productType = "com.apple.product-type.bundle.ui-testing";
		};
/* End PBXNativeTarget section */

/* Begin PBXProject section */
		221E1B251E7A1B8000B41629 /* Project object */ = {
			isa = PBXProject;
			attributes = {
				LastUpgradeCheck = 0920;
				ORGANIZATIONNAME = "刘靖";
				TargetAttributes = {
					221E1B2C1E7A1B8000B41629 = {
						CreatedOnToolsVersion = 8.2.1;
						DevelopmentTeam = MVU5F37333;
						ProvisioningStyle = Automatic;
					};
					221E1B451E7A1B8100B41629 = {
						CreatedOnToolsVersion = 8.2.1;
						ProvisioningStyle = Automatic;
						TestTargetID = 221E1B2C1E7A1B8000B41629;
					};
					221E1B501E7A1B8100B41629 = {
						CreatedOnToolsVersion = 8.2.1;
						ProvisioningStyle = Automatic;
						TestTargetID = 221E1B2C1E7A1B8000B41629;
					};
				};
			};
			buildConfigurationList = 221E1B281E7A1B8000B41629 /* Build configuration list for PBXProject "JLExtension" */;
			compatibilityVersion = "Xcode 3.2";
			developmentRegion = English;
			hasScannedForEncodings = 0;
			knownRegions = (
				en,
				Base,
			);
			mainGroup = 221E1B241E7A1B8000B41629;
			productRefGroup = 221E1B2E1E7A1B8000B41629 /* Products */;
			projectDirPath = "";
			projectRoot = "";
			targets = (
				221E1B2C1E7A1B8000B41629 /* JLExtension */,
				221E1B451E7A1B8100B41629 /* JLExtensionTests */,
				221E1B501E7A1B8100B41629 /* JLExtensionUITests */,
			);
		};
/* End PBXProject section */

/* Begin PBXResourcesBuildPhase section */
		221E1B2B1E7A1B8000B41629 /* Resources */ = {
			isa = PBXResourcesBuildPhase;
			buildActionMask = 2147483647;
			files = (
				221E1B401E7A1B8000B41629 /* LaunchScreen.storyboard in Resources */,
				221E1B3D1E7A1B8000B41629 /* Assets.xcassets in Resources */,
				22AC0B6A1FEB60AB00D0C778 /* public_key.der in Resources */,
				22AC0B6B1FEB60AB00D0C778 /* private_key.p12 in Resources */,
				221E1B3B1E7A1B8000B41629 /* Main.storyboard in Resources */,
			);
			runOnlyForDeploymentPostprocessing = 0;
		};
		221E1B441E7A1B8100B41629 /* Resources */ = {
			isa = PBXResourcesBuildPhase;
			buildActionMask = 2147483647;
			files = (
			);
			runOnlyForDeploymentPostprocessing = 0;
		};
		221E1B4F1E7A1B8100B41629 /* Resources */ = {
			isa = PBXResourcesBuildPhase;
			buildActionMask = 2147483647;
			files = (
			);
			runOnlyForDeploymentPostprocessing = 0;
		};
/* End PBXResourcesBuildPhase section */

/* Begin PBXShellScriptBuildPhase section */
		89847746B18F778362A3446A /* [CP] Embed Pods Frameworks */ = {
			isa = PBXShellScriptBuildPhase;
			buildActionMask = 2147483647;
			files = (
			);
			inputPaths = (
				"${SRCROOT}/Pods/Target Support Files/Pods-JLExtension/Pods-JLExtension-frameworks.sh",
				"${BUILT_PRODUCTS_DIR}/AFNetworking/AFNetworking.framework",
				"${BUILT_PRODUCTS_DIR}/MBProgressHUD/MBProgressHUD.framework",
			);
			name = "[CP] Embed Pods Frameworks";
			outputPaths = (
				"${TARGET_BUILD_DIR}/${FRAMEWORKS_FOLDER_PATH}/AFNetworking.framework",
				"${TARGET_BUILD_DIR}/${FRAMEWORKS_FOLDER_PATH}/MBProgressHUD.framework",
			);
			runOnlyForDeploymentPostprocessing = 0;
			shellPath = /bin/sh;
			shellScript = "\"${SRCROOT}/Pods/Target Support Files/Pods-JLExtension/Pods-JLExtension-frameworks.sh\"\n";
			showEnvVarsInLog = 0;
		};
		A0957F9CB91106822FC5E016 /* [CP] Check Pods Manifest.lock */ = {
			isa = PBXShellScriptBuildPhase;
			buildActionMask = 2147483647;
			files = (
			);
			inputPaths = (
				"${PODS_PODFILE_DIR_PATH}/Podfile.lock",
				"${PODS_ROOT}/Manifest.lock",
			);
			name = "[CP] Check Pods Manifest.lock";
			outputPaths = (
				"$(DERIVED_FILE_DIR)/Pods-JLExtension-checkManifestLockResult.txt",
			);
			runOnlyForDeploymentPostprocessing = 0;
			shellPath = /bin/sh;
			shellScript = "diff \"${PODS_PODFILE_DIR_PATH}/Podfile.lock\" \"${PODS_ROOT}/Manifest.lock\" > /dev/null\nif [ $? != 0 ] ; then\n    # print error to STDERR\n    echo \"error: The sandbox is not in sync with the Podfile.lock. Run 'pod install' or update your CocoaPods installation.\" >&2\n    exit 1\nfi\n# This output is used by Xcode 'outputs' to avoid re-running this script phase.\necho \"SUCCESS\" > \"${SCRIPT_OUTPUT_FILE_0}\"\n";
			showEnvVarsInLog = 0;
		};
		B1B1D0998BAED8C042DC2F96 /* [CP] Copy Pods Resources */ = {
			isa = PBXShellScriptBuildPhase;
			buildActionMask = 2147483647;
			files = (
			);
			inputPaths = (
			);
			name = "[CP] Copy Pods Resources";
			outputPaths = (
			);
			runOnlyForDeploymentPostprocessing = 0;
			shellPath = /bin/sh;
			shellScript = "\"${SRCROOT}/Pods/Target Support Files/Pods-JLExtension/Pods-JLExtension-resources.sh\"\n";
			showEnvVarsInLog = 0;
		};
/* End PBXShellScriptBuildPhase section */

/* Begin PBXSourcesBuildPhase section */
		221E1B291E7A1B8000B41629 /* Sources */ = {
			isa = PBXSourcesBuildPhase;
			buildActionMask = 2147483647;
			files = (
				221E1B791E7A3BC100B41629 /* UIView+Extension.m in Sources */,
				221E1B781E7A3BC100B41629 /* UILabel+Extension.m in Sources */,
				222E3EEF1EA5EC3900F92812 /* UITextField+Extension.m in Sources */,
				221E1B731E7A3BC100B41629 /* CBPeripheral+Extension.m in Sources */,
				224ACE901EE2871600A01755 /* NSDate+Extension.m in Sources */,
				221E1B741E7A3BC100B41629 /* NSArray+Extension.m in Sources */,
				221E1B381E7A1B8000B41629 /* ViewController.m in Sources */,
				221E1B771E7A3BC100B41629 /* UIColor+Extension.m in Sources */,
				221E1B351E7A1B8000B41629 /* AppDelegate.m in Sources */,
				22780EE11E8E490D00741236 /* NSString+Extension.m in Sources */,
				222E3EEC1EA5C12100F92812 /* NSTimer+Extension.m in Sources */,
				221E1B761E7A3BC100B41629 /* NSDictionary+Extension.m in Sources */,
				221E1B751E7A3BC100B41629 /* NSData+Extension.m in Sources */,
				221E1BC81E7B8C3A00B41629 /* UIImage+Extension.m in Sources */,
				221E1B321E7A1B8000B41629 /* main.m in Sources */,
				222277981E9B7F8E00951C36 /* JLDeviceInfo.m in Sources */,
			);
			runOnlyForDeploymentPostprocessing = 0;
		};
		221E1B421E7A1B8100B41629 /* Sources */ = {
			isa = PBXSourcesBuildPhase;
			buildActionMask = 2147483647;
			files = (
				221E1B4B1E7A1B8100B41629 /* JLExtensionTests.m in Sources */,
			);
			runOnlyForDeploymentPostprocessing = 0;
		};
		221E1B4D1E7A1B8100B41629 /* Sources */ = {
			isa = PBXSourcesBuildPhase;
			buildActionMask = 2147483647;
			files = (
				221E1B561E7A1B8100B41629 /* JLExtensionUITests.m in Sources */,
			);
			runOnlyForDeploymentPostprocessing = 0;
		};
/* End PBXSourcesBuildPhase section */

/* Begin PBXTargetDependency section */
		221E1B481E7A1B8100B41629 /* PBXTargetDependency */ = {
			isa = PBXTargetDependency;
			target = 221E1B2C1E7A1B8000B41629 /* JLExtension */;
			targetProxy = 221E1B471E7A1B8100B41629 /* PBXContainerItemProxy */;
		};
		221E1B531E7A1B8100B41629 /* PBXTargetDependency */ = {
			isa = PBXTargetDependency;
			target = 221E1B2C1E7A1B8000B41629 /* JLExtension */;
			targetProxy = 221E1B521E7A1B8100B41629 /* PBXContainerItemProxy */;
		};
/* End PBXTargetDependency section */

/* Begin PBXVariantGroup section */
		221E1B391E7A1B8000B41629 /* Main.storyboard */ = {
			isa = PBXVariantGroup;
			children = (
				221E1B3A1E7A1B8000B41629 /* Base */,
			);
			name = Main.storyboard;
			sourceTree = "<group>";
		};
		221E1B3E1E7A1B8000B41629 /* LaunchScreen.storyboard */ = {
			isa = PBXVariantGroup;
			children = (
				221E1B3F1E7A1B8000B41629 /* Base */,
			);
			name = LaunchScreen.storyboard;
			sourceTree = "<group>";
		};
/* End PBXVariantGroup section */

/* Begin XCBuildConfiguration section */
		221E1B581E7A1B8100B41629 /* Debug */ = {
			isa = XCBuildConfiguration;
			buildSettings = {
				ALWAYS_SEARCH_USER_PATHS = NO;
				CLANG_ANALYZER_NONNULL = YES;
				CLANG_CXX_LANGUAGE_STANDARD = "gnu++0x";
				CLANG_CXX_LIBRARY = "libc++";
				CLANG_ENABLE_MODULES = YES;
				CLANG_ENABLE_OBJC_ARC = YES;
				CLANG_WARN_BLOCK_CAPTURE_AUTORELEASING = YES;
				CLANG_WARN_BOOL_CONVERSION = YES;
				CLANG_WARN_COMMA = YES;
				CLANG_WARN_CONSTANT_CONVERSION = YES;
				CLANG_WARN_DIRECT_OBJC_ISA_USAGE = YES_ERROR;
				CLANG_WARN_DOCUMENTATION_COMMENTS = YES;
				CLANG_WARN_EMPTY_BODY = YES;
				CLANG_WARN_ENUM_CONVERSION = YES;
				CLANG_WARN_INFINITE_RECURSION = YES;
				CLANG_WARN_INT_CONVERSION = YES;
				CLANG_WARN_NON_LITERAL_NULL_CONVERSION = YES;
				CLANG_WARN_OBJC_LITERAL_CONVERSION = YES;
				CLANG_WARN_OBJC_ROOT_CLASS = YES_ERROR;
				CLANG_WARN_RANGE_LOOP_ANALYSIS = YES;
				CLANG_WARN_STRICT_PROTOTYPES = YES;
				CLANG_WARN_SUSPICIOUS_MOVE = YES;
				CLANG_WARN_UNREACHABLE_CODE = YES;
				CLANG_WARN__DUPLICATE_METHOD_MATCH = YES;
				CODE_SIGN_IDENTITY = "iPhone Developer";
				"CODE_SIGN_IDENTITY[sdk=iphoneos*]" = "iPhone Developer";
				COPY_PHASE_STRIP = NO;
				DEBUG_INFORMATION_FORMAT = dwarf;
				ENABLE_STRICT_OBJC_MSGSEND = YES;
				ENABLE_TESTABILITY = YES;
				GCC_C_LANGUAGE_STANDARD = gnu99;
				GCC_DYNAMIC_NO_PIC = NO;
				GCC_NO_COMMON_BLOCKS = YES;
				GCC_OPTIMIZATION_LEVEL = 0;
				GCC_PREPROCESSOR_DEFINITIONS = (
					"DEBUG=1",
					"$(inherited)",
				);
				GCC_WARN_64_TO_32_BIT_CONVERSION = YES;
				GCC_WARN_ABOUT_RETURN_TYPE = YES_ERROR;
				GCC_WARN_UNDECLARED_SELECTOR = YES;
				GCC_WARN_UNINITIALIZED_AUTOS = YES_AGGRESSIVE;
				GCC_WARN_UNUSED_FUNCTION = YES;
				GCC_WARN_UNUSED_VARIABLE = YES;
				IPHONEOS_DEPLOYMENT_TARGET = 10.2;
				MTL_ENABLE_DEBUG_INFO = YES;
				ONLY_ACTIVE_ARCH = YES;
				SDKROOT = iphoneos;
				TARGETED_DEVICE_FAMILY = "1,2";
			};
			name = Debug;
		};
		221E1B591E7A1B8100B41629 /* Release */ = {
			isa = XCBuildConfiguration;
			buildSettings = {
				ALWAYS_SEARCH_USER_PATHS = NO;
				CLANG_ANALYZER_NONNULL = YES;
				CLANG_CXX_LANGUAGE_STANDARD = "gnu++0x";
				CLANG_CXX_LIBRARY = "libc++";
				CLANG_ENABLE_MODULES = YES;
				CLANG_ENABLE_OBJC_ARC = YES;
				CLANG_WARN_BLOCK_CAPTURE_AUTORELEASING = YES;
				CLANG_WARN_BOOL_CONVERSION = YES;
				CLANG_WARN_COMMA = YES;
				CLANG_WARN_CONSTANT_CONVERSION = YES;
				CLANG_WARN_DIRECT_OBJC_ISA_USAGE = YES_ERROR;
				CLANG_WARN_DOCUMENTATION_COMMENTS = YES;
				CLANG_WARN_EMPTY_BODY = YES;
				CLANG_WARN_ENUM_CONVERSION = YES;
				CLANG_WARN_INFINITE_RECURSION = YES;
				CLANG_WARN_INT_CONVERSION = YES;
				CLANG_WARN_NON_LITERAL_NULL_CONVERSION = YES;
				CLANG_WARN_OBJC_LITERAL_CONVERSION = YES;
				CLANG_WARN_OBJC_ROOT_CLASS = YES_ERROR;
				CLANG_WARN_RANGE_LOOP_ANALYSIS = YES;
				CLANG_WARN_STRICT_PROTOTYPES = YES;
				CLANG_WARN_SUSPICIOUS_MOVE = YES;
				CLANG_WARN_UNREACHABLE_CODE = YES;
				CLANG_WARN__DUPLICATE_METHOD_MATCH = YES;
				CODE_SIGN_IDENTITY = "iPhone Developer";
				"CODE_SIGN_IDENTITY[sdk=iphoneos*]" = "iPhone Developer";
				COPY_PHASE_STRIP = NO;
				DEBUG_INFORMATION_FORMAT = "dwarf-with-dsym";
				ENABLE_NS_ASSERTIONS = NO;
				ENABLE_STRICT_OBJC_MSGSEND = YES;
				GCC_C_LANGUAGE_STANDARD = gnu99;
				GCC_NO_COMMON_BLOCKS = YES;
				GCC_WARN_64_TO_32_BIT_CONVERSION = YES;
				GCC_WARN_ABOUT_RETURN_TYPE = YES_ERROR;
				GCC_WARN_UNDECLARED_SELECTOR = YES;
				GCC_WARN_UNINITIALIZED_AUTOS = YES_AGGRESSIVE;
				GCC_WARN_UNUSED_FUNCTION = YES;
				GCC_WARN_UNUSED_VARIABLE = YES;
				IPHONEOS_DEPLOYMENT_TARGET = 10.2;
				MTL_ENABLE_DEBUG_INFO = NO;
				SDKROOT = iphoneos;
				TARGETED_DEVICE_FAMILY = "1,2";
				VALIDATE_PRODUCT = YES;
			};
			name = Release;
		};
		221E1B5B1E7A1B8100B41629 /* Debug */ = {
			isa = XCBuildConfiguration;
			baseConfigurationReference = BDAD23C80169BB1DF681A1E9 /* Pods-JLExtension.debug.xcconfig */;
			buildSettings = {
				ASSETCATALOG_COMPILER_APPICON_NAME = AppIcon;
				CODE_SIGN_IDENTITY = "iPhone Developer";
				"CODE_SIGN_IDENTITY[sdk=iphoneos*]" = "iPhone Developer";
				DEVELOPMENT_TEAM = MVU5F37333;
				INFOPLIST_FILE = JLExtension/Info.plist;
				IPHONEOS_DEPLOYMENT_TARGET = 8.0;
				LD_RUNPATH_SEARCH_PATHS = "$(inherited) @executable_path/Frameworks";
				PRODUCT_BUNDLE_IDENTIFIER = com.jasonliu.JLExtension;
				PRODUCT_NAME = "$(TARGET_NAME)";
				PROVISIONING_PROFILE_SPECIFIER = "";
			};
			name = Debug;
		};
		221E1B5C1E7A1B8100B41629 /* Release */ = {
			isa = XCBuildConfiguration;
			baseConfigurationReference = C3F293EED29AFC8202C18F5F /* Pods-JLExtension.release.xcconfig */;
			buildSettings = {
				ASSETCATALOG_COMPILER_APPICON_NAME = AppIcon;
				CODE_SIGN_IDENTITY = "iPhone Developer";
				"CODE_SIGN_IDENTITY[sdk=iphoneos*]" = "iPhone Developer";
				DEVELOPMENT_TEAM = MVU5F37333;
				INFOPLIST_FILE = JLExtension/Info.plist;
				IPHONEOS_DEPLOYMENT_TARGET = 8.0;
				LD_RUNPATH_SEARCH_PATHS = "$(inherited) @executable_path/Frameworks";
				PRODUCT_BUNDLE_IDENTIFIER = com.jasonliu.JLExtension;
				PRODUCT_NAME = "$(TARGET_NAME)";
				PROVISIONING_PROFILE_SPECIFIER = "";
			};
			name = Release;
		};
		221E1B5E1E7A1B8100B41629 /* Debug */ = {
			isa = XCBuildConfiguration;
			buildSettings = {
				BUNDLE_LOADER = "$(TEST_HOST)";
				INFOPLIST_FILE = JLExtensionTests/Info.plist;
				LD_RUNPATH_SEARCH_PATHS = "$(inherited) @executable_path/Frameworks @loader_path/Frameworks";
				PRODUCT_BUNDLE_IDENTIFIER = com.jasonliu.JLExtensionTests;
				PRODUCT_NAME = "$(TARGET_NAME)";
				TEST_HOST = "$(BUILT_PRODUCTS_DIR)/JLExtension.app/JLExtension";
			};
			name = Debug;
		};
		221E1B5F1E7A1B8100B41629 /* Release */ = {
			isa = XCBuildConfiguration;
			buildSettings = {
				BUNDLE_LOADER = "$(TEST_HOST)";
				INFOPLIST_FILE = JLExtensionTests/Info.plist;
				LD_RUNPATH_SEARCH_PATHS = "$(inherited) @executable_path/Frameworks @loader_path/Frameworks";
				PRODUCT_BUNDLE_IDENTIFIER = com.jasonliu.JLExtensionTests;
				PRODUCT_NAME = "$(TARGET_NAME)";
				TEST_HOST = "$(BUILT_PRODUCTS_DIR)/JLExtension.app/JLExtension";
			};
			name = Release;
		};
		221E1B611E7A1B8100B41629 /* Debug */ = {
			isa = XCBuildConfiguration;
			buildSettings = {
				INFOPLIST_FILE = JLExtensionUITests/Info.plist;
				LD_RUNPATH_SEARCH_PATHS = "$(inherited) @executable_path/Frameworks @loader_path/Frameworks";
				PRODUCT_BUNDLE_IDENTIFIER = com.jasonliu.JLExtensionUITests;
				PRODUCT_NAME = "$(TARGET_NAME)";
				TEST_TARGET_NAME = JLExtension;
			};
			name = Debug;
		};
		221E1B621E7A1B8100B41629 /* Release */ = {
			isa = XCBuildConfiguration;
			buildSettings = {
				INFOPLIST_FILE = JLExtensionUITests/Info.plist;
				LD_RUNPATH_SEARCH_PATHS = "$(inherited) @executable_path/Frameworks @loader_path/Frameworks";
				PRODUCT_BUNDLE_IDENTIFIER = com.jasonliu.JLExtensionUITests;
				PRODUCT_NAME = "$(TARGET_NAME)";
				TEST_TARGET_NAME = JLExtension;
			};
			name = Release;
		};
/* End XCBuildConfiguration section */

/* Begin XCConfigurationList section */
		221E1B281E7A1B8000B41629 /* Build configuration list for PBXProject "JLExtension" */ = {
			isa = XCConfigurationList;
			buildConfigurations = (
				221E1B581E7A1B8100B41629 /* Debug */,
				221E1B591E7A1B8100B41629 /* Release */,
			);
			defaultConfigurationIsVisible = 0;
			defaultConfigurationName = Release;
		};
		221E1B5A1E7A1B8100B41629 /* Build configuration list for PBXNativeTarget "JLExtension" */ = {
			isa = XCConfigurationList;
			buildConfigurations = (
				221E1B5B1E7A1B8100B41629 /* Debug */,
				221E1B5C1E7A1B8100B41629 /* Release */,
			);
			defaultConfigurationIsVisible = 0;
			defaultConfigurationName = Release;
		};
		221E1B5D1E7A1B8100B41629 /* Build configuration list for PBXNativeTarget "JLExtensionTests" */ = {
			isa = XCConfigurationList;
			buildConfigurations = (
				221E1B5E1E7A1B8100B41629 /* Debug */,
				221E1B5F1E7A1B8100B41629 /* Release */,
			);
			defaultConfigurationIsVisible = 0;
			defaultConfigurationName = Release;
		};
		221E1B601E7A1B8100B41629 /* Build configuration list for PBXNativeTarget "JLExtensionUITests" */ = {
			isa = XCConfigurationList;
			buildConfigurations = (
				221E1B611E7A1B8100B41629 /* Debug */,
				221E1B621E7A1B8100B41629 /* Release */,
			);
			defaultConfigurationIsVisible = 0;
			defaultConfigurationName = Release;
		};
/* End XCConfigurationList section */
	};
	rootObject = 221E1B251E7A1B8000B41629 /* Project object */;
}
